
Microsoft Visual Studio Solution File, Format Version 12.00
# Visual Studio Version 17
VisualStudioVersion = 17.4.33213.308
MinimumVisualStudioVersion = 10.0.40219.1
Project("{FAE04EC0-301F-11D3-BF4B-00C04F79EFBC}") = "ProgectForGit", "ProgectForGit\ProgectForGit.csproj", "{009CAE37-0134-4FEA-83CD-A5B050CB37D0}"
EndProject
Global
	GlobalSection(SolutionConfigurationPlatforms) = preSolution
		Debug|Any CPU = Debug|Any CPU
		Release|Any CPU = Release|Any CPU
	EndGlobalSection
	GlobalSection(ProjectConfigurationPlatforms) = postSolution
		{009CAE37-0134-4FEA-83CD-A5B050CB37D0}.Debug|Any CPU.ActiveCfg = Debug|Any CPU
		{009CAE37-0134-4FEA-83CD-A5B050CB37D0}.Debug|Any CPU.Build.0 = Debug|Any CPU
		{009CAE37-0134-4FEA-83CD-A5B050CB37D0}.Release|Any CPU.ActiveCfg = Release|Any CPU
		{009CAE37-0134-4FEA-83CD-A5B050CB37D0}.Release|Any CPU.Build.0 = Release|Any CPU
	EndGlobalSection
	GlobalSection(SolutionProperties) = preSolution
		HideSolutionNode = FALSE
	EndGlobalSection
	GlobalSection(ExtensibilityGlobals) = postSolution
		SolutionGuid = {61A08CE6-F538-4E69-84D9-CFF3F2C5D82C}
	EndGlobalSection
EndGlobal
